
Microsoft Visual Studio Solution File, Format Version 12.00
# Visual Studio Version 16
VisualStudioVersion = 16.0.31624.102
MinimumVisualStudioVersion = 10.0.40219.1
Project("{FAE04EC0-301F-11D3-BF4B-00C04F79EFBC}") = "tiposBasicos", "tiposBasicos\tiposBasicos.csproj", "{79D10D06-1102-4130-931A-B430A1913503}"
EndProject
Global
	GlobalSection(SolutionConfigurationPlatforms) = preSolution
		Debug|Any CPU = Debug|Any CPU
		Release|Any CPU = Release|Any CPU
	EndGlobalSection
	GlobalSection(ProjectConfigurationPlatforms) = postSolution
		{79D10D06-1102-4130-931A-B430A1913503}.Debug|Any CPU.ActiveCfg = Debug|Any CPU
		{79D10D06-1102-4130-931A-B430A1913503}.Debug|Any CPU.Build.0 = Debug|Any CPU
		{79D10D06-1102-4130-931A-B430A1913503}.Release|Any CPU.ActiveCfg = Release|Any CPU
		{79D10D06-1102-4130-931A-B430A1913503}.Release|Any CPU.Build.0 = Release|Any CPU
	EndGlobalSection
	GlobalSection(SolutionProperties) = preSolution
		HideSolutionNode = FALSE
	EndGlobalSection
	GlobalSection(ExtensibilityGlobals) = postSolution
		SolutionGuid = {EEEC68AA-DB25-44F4-A4BF-D334548A6E23}
	EndGlobalSection
EndGlobal
